
Microsoft Visual Studio Solution File, Format Version 12.00
# Visual Studio 15
VisualStudioVersion = 15.0.28010.2003
MinimumVisualStudioVersion = 10.0.40219.1
Project("{FAE04EC0-301F-11D3-BF4B-00C04F79EFBC}") = "Blok2Project", "Blok2Project\Blok2Project.csproj", "{5A8484C7-84C7-4F3F-9A25-831429AE64F6}"
EndProject
Global
	GlobalSection(SolutionConfigurationPlatforms) = preSolution
		Debug|Any CPU = Debug|Any CPU
		Release|Any CPU = Release|Any CPU
	EndGlobalSection
	GlobalSection(ProjectConfigurationPlatforms) = postSolution
		{5A8484C7-84C7-4F3F-9A25-831429AE64F6}.Debug|Any CPU.ActiveCfg = Debug|Any CPU
		{5A8484C7-84C7-4F3F-9A25-831429AE64F6}.Debug|Any CPU.Build.0 = Debug|Any CPU
		{5A8484C7-84C7-4F3F-9A25-831429AE64F6}.Release|Any CPU.ActiveCfg = Release|Any CPU
		{5A8484C7-84C7-4F3F-9A25-831429AE64F6}.Release|Any CPU.Build.0 = Release|Any CPU
	EndGlobalSection
	GlobalSection(SolutionProperties) = preSolution
		HideSolutionNode = FALSE
	EndGlobalSection
	GlobalSection(ExtensibilityGlobals) = postSolution
		SolutionGuid = {7FD82727-B5C8-40B5-B6C5-18F603D541C7}
	EndGlobalSection
EndGlobal
